
Microsoft Visual Studio Solution File, Format Version 12.00
# Visual Studio Version 16
VisualStudioVersion = 16.0.30621.155
MinimumVisualStudioVersion = 10.0.40219.1
Project("{FAE04EC0-301F-11D3-BF4B-00C04F79EFBC}") = "s_sharp", "s_sharp\s_sharp.csproj", "{37DF772E-9852-4C96-B44B-5B743BD4393A}"
EndProject
Global
	GlobalSection(SolutionConfigurationPlatforms) = preSolution
		Debug|Any CPU = Debug|Any CPU
		Release|Any CPU = Release|Any CPU
	EndGlobalSection
	GlobalSection(ProjectConfigurationPlatforms) = postSolution
		{37DF772E-9852-4C96-B44B-5B743BD4393A}.Debug|Any CPU.ActiveCfg = Debug|Any CPU
		{37DF772E-9852-4C96-B44B-5B743BD4393A}.Debug|Any CPU.Build.0 = Debug|Any CPU
		{37DF772E-9852-4C96-B44B-5B743BD4393A}.Release|Any CPU.ActiveCfg = Release|Any CPU
		{37DF772E-9852-4C96-B44B-5B743BD4393A}.Release|Any CPU.Build.0 = Release|Any CPU
	EndGlobalSection
	GlobalSection(SolutionProperties) = preSolution
		HideSolutionNode = FALSE
	EndGlobalSection
	GlobalSection(ExtensibilityGlobals) = postSolution
		SolutionGuid = {7029DAB5-A8EA-438D-B6CE-2C303B6EA92E}
	EndGlobalSection
EndGlobal
